<?xml version="1.0" encoding="utf-8"?>
<Project ToolsVersion="4.0" xmlns="http://schemas.microsoft.com/developer/msbuild/2003">
  <ItemGroup>
    <Filter Include="win32">
      <UniqueIdentifier>{84a8ebd7-7cf0-47f6-b75e-d441df67da40}</UniqueIdentifier>
    </Filter>
    <Filter Include="resource">
      <UniqueIdentifier>{715254bc-d70b-4ec5-bf29-467dd3ace079}</UniqueIdentifier>
    </Filter>
    <Filter Include="src">
      <UniqueIdentifier>{bb6c862e-70e9-49d9-81b7-3829a6f50471}</UniqueIdentifier>
    </Filter>
    <Filter Include="src\Controller">
      <UniqueIdentifier>{b5035d09-77ee-4add-8e03-cadc1a5666dc}</UniqueIdentifier>
    </Filter>
    <Filter Include="src\Common">
      <UniqueIdentifier>{0b21f717-db54-4bab-a6e3-2a4310b3261b}</UniqueIdentifier>
    </Filter>
    <Filter Include="src\GameObjects">
      <UniqueIdentifier>{08bd8e49-744f-465d-b998-e1803b152ac9}</UniqueIdentifier>
    </Filter>
    <Filter Include="src\Scenes">
      <UniqueIdentifier>{6692c476-3b08-47bf-ab0a-3c3d769ae236}</UniqueIdentifier>
    </Filter>
    <Filter Include="src\Utils">
      <UniqueIdentifier>{6af63ff1-a8ff-4eb4-9415-1564c715b7e7}</UniqueIdentifier>
    </Filter>
    <Filter Include="src\Utils\Helper">
      <UniqueIdentifier>{1dca8088-59a5-4316-91eb-3faa2bf42552}</UniqueIdentifier>
    </Filter>
    <Filter Include="src\Managers">
      <UniqueIdentifier>{e6215269-76bb-46f3-9b82-009a455fab4d}</UniqueIdentifier>
    </Filter>
    <Filter Include="src\Utils\Parser">
      <UniqueIdentifier>{7f1e1815-5657-4f5f-bcfa-4abfe7227a43}</UniqueIdentifier>
    </Filter>
    <Filter Include="src\GameObjects\Swap">
      <UniqueIdentifier>{dfdb385a-7a3f-419d-b52f-55b7e0a9b257}</UniqueIdentifier>
    </Filter>
    <Filter Include="src\Common\Factory">
      <UniqueIdentifier>{803b3e4b-ba9a-43e2-acdc-604156b7dfda}</UniqueIdentifier>
    </Filter>
    <Filter Include="src\GameObjects\Chain">
      <UniqueIdentifier>{0902fdd0-1642-47dd-8c43-c23c91c505f4}</UniqueIdentifier>
    </Filter>
    <Filter Include="src\GameObjects\TileObjects">
      <UniqueIdentifier>{6ec1ddab-f643-40a9-8ca0-6e1ab4f6a2bb}</UniqueIdentifier>
    </Filter>
    <Filter Include="src\GameObjects\TileObjects\Base">
      <UniqueIdentifier>{338c0eac-c3fe-4a5f-9105-e1431e0c8841}</UniqueIdentifier>
    </Filter>
    <Filter Include="src\GameObjects\TileObjects\Obstacles">
      <UniqueIdentifier>{011dbb72-128a-49c7-8edb-3d4e5b01ffa6}</UniqueIdentifier>
    </Filter>
    <Filter Include="src\Layers">
      <UniqueIdentifier>{5d27183b-f496-4c99-aef4-45a088aaf7ab}</UniqueIdentifier>
    </Filter>
  </ItemGroup>
  <ItemGroup>
    <ClCompile Include="main.cpp">
      <Filter>win32</Filter>
    </ClCompile>
    <ClCompile Include="..\Classes\AppDelegate.cpp">
      <Filter>src</Filter>
    </ClCompile>
    <ClCompile Include="..\Classes\Controller\ViewController.cpp">
      <Filter>src\Controller</Filter>
    </ClCompile>
    <ClCompile Include="..\Classes\GameObjects\LevelObj.cpp">
      <Filter>src\GameObjects</Filter>
    </ClCompile>
    <ClCompile Include="..\Classes\Scenes\GameplayScene.cpp">
      <Filter>src\Scenes</Filter>
    </ClCompile>
    <ClCompile Include="..\Classes\Utils\GlobalInfo.cpp">
      <Filter>src\Utils</Filter>
    </ClCompile>
    <ClCompile Include="..\Classes\Utils\Helpers\VisibleRect.cpp">
      <Filter>src\Utils\Helper</Filter>
    </ClCompile>
    <ClCompile Include="..\Classes\Managers\ResourceManager.cpp">
      <Filter>src\Managers</Filter>
    </ClCompile>
    <ClCompile Include="..\Classes\Managers\AudioManager.cpp">
      <Filter>src\Managers</Filter>
    </ClCompile>
    <ClCompile Include="..\Classes\Utils\Helpers\Helper.cpp">
      <Filter>src\Utils\Helper</Filter>
    </ClCompile>
    <ClCompile Include="..\Classes\Managers\AnimationsManager.cpp">
      <Filter>src\Managers</Filter>
    </ClCompile>
    <ClCompile Include="..\Classes\Managers\GuiManager.cpp">
      <Filter>src\Managers</Filter>
    </ClCompile>
    <ClCompile Include="..\Classes\Utils\Parser\JsonParser.cpp">
      <Filter>src\Utils\Parser</Filter>
    </ClCompile>
    <ClCompile Include="..\Classes\Controller\SwapController.cpp">
      <Filter>src\Controller</Filter>
    </ClCompile>
    <ClCompile Include="..\Classes\GameObjects\Swap\SwapObj.cpp">
      <Filter>src\GameObjects\Swap</Filter>
    </ClCompile>
    <ClCompile Include="..\Classes\Common\Factory\SmartFactory.cpp">
      <Filter>src\Common\Factory</Filter>
    </ClCompile>
    <ClCompile Include="..\Classes\Controller\ObjectController.cpp">
      <Filter>src\Controller</Filter>
    </ClCompile>
    <ClCompile Include="..\Classes\GameObjects\Chain\ChainObj.cpp">
      <Filter>src\GameObjects\Chain</Filter>
    </ClCompile>
    <ClCompile Include="..\Classes\GameObjects\TileObjects\CookieObj.cpp">
      <Filter>src\GameObjects\TileObjects</Filter>
    </ClCompile>
    <ClCompile Include="..\Classes\GameObjects\TileObjects\TileObj.cpp">
      <Filter>src\GameObjects\TileObjects</Filter>
    </ClCompile>
    <ClCompile Include="..\Classes\GameObjects\TileObjects\Base\BaseObj.cpp">
      <Filter>src\GameObjects\TileObjects\Base</Filter>
    </ClCompile>
    <ClCompile Include="..\Classes\Controller\ChainController.cpp">
      <Filter>src\Controller</Filter>
    </ClCompile>
    <ClCompile Include="..\Classes\GameObjects\TileObjects\Obstacles\DirtObject.cpp">
      <Filter>src\GameObjects\TileObjects\Obstacles</Filter>
    </ClCompile>
    <ClCompile Include="..\Classes\GameObjects\TileObjects\Obstacles\BushObj.cpp">
      <Filter>src\GameObjects\TileObjects\Obstacles</Filter>
    </ClCompile>
    <ClCompile Include="..\Classes\GameObjects\TileObjects\Obstacles\RockObj.cpp">
      <Filter>src\GameObjects\TileObjects\Obstacles</Filter>
    </ClCompile>
    <ClCompile Include="..\Classes\Layers\CookiesLayer.cpp">
      <Filter>src\Layers</Filter>
    </ClCompile>
  </ItemGroup>
  <ItemGroup>
    <ClInclude Include="main.h">
      <Filter>win32</Filter>
    </ClInclude>
    <ClInclude Include="..\Classes\AppDelegate.h">
      <Filter>src</Filter>
    </ClInclude>
    <ClInclude Include="..\Classes\Common\CommonTypes.h">
      <Filter>src\Common</Filter>
    </ClInclude>
    <ClInclude Include="..\Classes\Controller\ViewController.h">
      <Filter>src\Controller</Filter>
    </ClInclude>
    <ClInclude Include="..\Classes\GameObjects\LevelObj.h">
      <Filter>src\GameObjects</Filter>
    </ClInclude>
    <ClInclude Include="..\Classes\Scenes\GameplayScene.h">
      <Filter>src\Scenes</Filter>
    </ClInclude>
    <ClInclude Include="..\Classes\Utils\GameResources.h">
      <Filter>src\Utils</Filter>
    </ClInclude>
    <ClInclude Include="..\Classes\Utils\GlobalInfo.h">
      <Filter>src\Utils</Filter>
    </ClInclude>
    <ClInclude Include="..\Classes\Utils\Helpers\Helper.h">
      <Filter>src\Utils\Helper</Filter>
    </ClInclude>
    <ClInclude Include="..\Classes\Utils\Helpers\VisibleRect.h">
      <Filter>src\Utils\Helper</Filter>
    </ClInclude>
    <ClInclude Include="..\Classes\Managers\ResourceManager.h">
      <Filter>src\Managers</Filter>
    </ClInclude>
    <ClInclude Include="..\Classes\Utils\PlatformMacros.h">
      <Filter>src\Utils</Filter>
    </ClInclude>
    <ClInclude Include="..\Classes\Managers\AudioManager.h">
      <Filter>src\Managers</Filter>
    </ClInclude>
    <ClInclude Include="..\Classes\Managers\AnimationsManager.h">
      <Filter>src\Managers</Filter>
    </ClInclude>
    <ClInclude Include="..\Classes\Managers\GuiManager.h">
      <Filter>src\Managers</Filter>
    </ClInclude>
    <ClInclude Include="..\Classes\Utils\Localization.h">
      <Filter>src\Utils</Filter>
    </ClInclude>
    <ClInclude Include="..\Classes\Utils\Parser\JsonParser.h">
      <Filter>src\Utils\Parser</Filter>
    </ClInclude>
    <ClInclude Include="..\Classes\Controller\SwapController.h">
      <Filter>src\Controller</Filter>
    </ClInclude>
    <ClInclude Include="..\Classes\GameObjects\Swap\SwapObj.h">
      <Filter>src\GameObjects\Swap</Filter>
    </ClInclude>
    <ClInclude Include="..\Classes\Common\Factory\SmartFactory.h">
      <Filter>src\Common\Factory</Filter>
    </ClInclude>
    <ClInclude Include="..\Classes\Controller\ObjectController.h">
      <Filter>src\Controller</Filter>
    </ClInclude>
    <ClInclude Include="..\Classes\GameObjects\Chain\ChainObj.h">
      <Filter>src\GameObjects\Chain</Filter>
    </ClInclude>
    <ClInclude Include="..\Classes\GameObjects\TileObjects\CookieObj.h">
      <Filter>src\GameObjects\TileObjects</Filter>
    </ClInclude>
    <ClInclude Include="..\Classes\GameObjects\TileObjects\TileObj.h">
      <Filter>src\GameObjects\TileObjects</Filter>
    </ClInclude>
    <ClInclude Include="..\Classes\GameObjects\TileObjects\Base\BaseObj.h">
      <Filter>src\GameObjects\TileObjects\Base</Filter>
    </ClInclude>
    <ClInclude Include="..\Classes\Controller\ChainController.h">
      <Filter>src\Controller</Filter>
    </ClInclude>
    <ClInclude Include="..\Classes\GameObjects\TileObjects\Obstacles\DirtObject.h">
      <Filter>src\GameObjects\TileObjects\Obstacles</Filter>
    </ClInclude>
    <ClInclude Include="..\Classes\GameObjects\TileObjects\Obstacles\BushObj.h">
      <Filter>src\GameObjects\TileObjects\Obstacles</Filter>
    </ClInclude>
    <ClInclude Include="..\Classes\GameObjects\TileObjects\Obstacles\RockObj.h">
      <Filter>src\GameObjects\TileObjects\Obstacles</Filter>
    </ClInclude>
    <ClInclude Include="..\Classes\Layers\CookiesLayer.h">
      <Filter>src\Layers</Filter>
    </ClInclude>
  </ItemGroup>
  <ItemGroup>
    <ResourceCompile Include="game.rc">
      <Filter>resource</Filter>
    </ResourceCompile>
  </ItemGroup>
</Project>