<?xml version="1.0" encoding="utf-8"?>
<Project ToolsVersion="4.0" xmlns="http://schemas.microsoft.com/developer/msbuild/2003">
  <ItemGroup>
    <Filter Include="win32">
      <UniqueIdentifier>{84a8ebd7-7cf0-47f6-b75e-d441df67da40}</UniqueIdentifier>
    </Filter>
    <Filter Include="resource">
      <UniqueIdentifier>{715254bc-d70b-4ec5-bf29-467dd3ace079}</UniqueIdentifier>
    </Filter>
    <Filter Include="src">
      <UniqueIdentifier>{bb6c862e-70e9-49d9-81b7-3829a6f50471}</UniqueIdentifier>
    </Filter>
    <Filter Include="src\Controller">
      <UniqueIdentifier>{b5035d09-77ee-4add-8e03-cadc1a5666dc}</UniqueIdentifier>
    </Filter>
    <Filter Include="src\Common">
      <UniqueIdentifier>{0b21f717-db54-4bab-a6e3-2a4310b3261b}</UniqueIdentifier>
    </Filter>
    <Filter Include="src\GameObjects">
      <UniqueIdentifier>{08bd8e49-744f-465d-b998-e1803b152ac9}</UniqueIdentifier>
    </Filter>
    <Filter Include="src\Scenes">
      <UniqueIdentifier>{6692c476-3b08-47bf-ab0a-3c3d769ae236}</UniqueIdentifier>
    </Filter>
    <Filter Include="src\Utils">
      <UniqueIdentifier>{6af63ff1-a8ff-4eb4-9415-1564c715b7e7}</UniqueIdentifier>
    </Filter>
    <Filter Include="src\Utils\Helper">
      <UniqueIdentifier>{1dca8088-59a5-4316-91eb-3faa2bf42552}</UniqueIdentifier>
    </Filter>
    <Filter Include="src\Managers">
      <UniqueIdentifier>{e6215269-76bb-46f3-9b82-009a455fab4d}</UniqueIdentifier>
    </Filter>
    <Filter Include="src\Utils\Parser">
      <UniqueIdentifier>{7f1e1815-5657-4f5f-bcfa-4abfe7227a43}</UniqueIdentifier>
    </Filter>
    <Filter Include="src\Common\Factory">
      <UniqueIdentifier>{803b3e4b-ba9a-43e2-acdc-604156b7dfda}</UniqueIdentifier>
    </Filter>
    <Filter Include="src\GameObjects\TileObjects">
      <UniqueIdentifier>{6ec1ddab-f643-40a9-8ca0-6e1ab4f6a2bb}</UniqueIdentifier>
    </Filter>
    <Filter Include="src\GameObjects\TileObjects\Base">
      <UniqueIdentifier>{338c0eac-c3fe-4a5f-9105-e1431e0c8841}</UniqueIdentifier>
    </Filter>
    <Filter Include="src\Layers">
      <UniqueIdentifier>{5d27183b-f496-4c99-aef4-45a088aaf7ab}</UniqueIdentifier>
    </Filter>
    <Filter Include="src\Controller\ObjectController">
      <UniqueIdentifier>{04c9a7bc-cc17-47a5-b410-4c0f643cdc1c}</UniqueIdentifier>
    </Filter>
    <Filter Include="src\Controller\ObjectController\Dude">
      <UniqueIdentifier>{4183a7e6-86fc-4278-89f9-14ff605c5441}</UniqueIdentifier>
    </Filter>
    <Filter Include="src\GameObjects\Level">
      <UniqueIdentifier>{cedd3553-fa87-499d-9009-b27063f210e2}</UniqueIdentifier>
    </Filter>
    <Filter Include="src\GameObjects\TileObjects\FieldObjects">
      <UniqueIdentifier>{e75b78d5-0072-4f12-a8a4-f50187488803}</UniqueIdentifier>
    </Filter>
    <Filter Include="src\GameObjects\TileObjects\FieldObjects\Base">
      <UniqueIdentifier>{6470741f-e713-49a0-86bb-8702502d6256}</UniqueIdentifier>
    </Filter>
    <Filter Include="src\Controller\ChainController">
      <UniqueIdentifier>{a3d0dcc8-d25e-4d69-b635-f5f06cf3cc85}</UniqueIdentifier>
    </Filter>
    <Filter Include="src\Controller\SwapController">
      <UniqueIdentifier>{4570b908-1ce4-4f22-bec0-a559f41e3580}</UniqueIdentifier>
    </Filter>
    <Filter Include="src\Common\GlobalInfo">
      <UniqueIdentifier>{eb77aec4-df4a-436b-87fb-77a76eb3a4e9}</UniqueIdentifier>
    </Filter>
  </ItemGroup>
  <ItemGroup>
    <ClCompile Include="main.cpp">
      <Filter>win32</Filter>
    </ClCompile>
    <ClCompile Include="..\Classes\AppDelegate.cpp">
      <Filter>src</Filter>
    </ClCompile>
    <ClCompile Include="..\Classes\Controller\ViewController.cpp">
      <Filter>src\Controller</Filter>
    </ClCompile>
    <ClCompile Include="..\Classes\Scenes\GameplayScene.cpp">
      <Filter>src\Scenes</Filter>
    </ClCompile>
    <ClCompile Include="..\Classes\Utils\Helpers\VisibleRect.cpp">
      <Filter>src\Utils\Helper</Filter>
    </ClCompile>
    <ClCompile Include="..\Classes\Managers\ResourceManager.cpp">
      <Filter>src\Managers</Filter>
    </ClCompile>
    <ClCompile Include="..\Classes\Managers\AudioManager.cpp">
      <Filter>src\Managers</Filter>
    </ClCompile>
    <ClCompile Include="..\Classes\Utils\Helpers\Helper.cpp">
      <Filter>src\Utils\Helper</Filter>
    </ClCompile>
    <ClCompile Include="..\Classes\Managers\AnimationsManager.cpp">
      <Filter>src\Managers</Filter>
    </ClCompile>
    <ClCompile Include="..\Classes\Managers\GuiManager.cpp">
      <Filter>src\Managers</Filter>
    </ClCompile>
    <ClCompile Include="..\Classes\Utils\Parser\JsonParser.cpp">
      <Filter>src\Utils\Parser</Filter>
    </ClCompile>
    <ClCompile Include="..\Classes\GameObjects\TileObjects\CookieObj.cpp">
      <Filter>src\GameObjects\TileObjects</Filter>
    </ClCompile>
    <ClCompile Include="..\Classes\GameObjects\TileObjects\TileObj.cpp">
      <Filter>src\GameObjects\TileObjects</Filter>
    </ClCompile>
    <ClCompile Include="..\Classes\GameObjects\TileObjects\Base\BaseObj.cpp">
      <Filter>src\GameObjects\TileObjects\Base</Filter>
    </ClCompile>
    <ClCompile Include="..\Classes\Layers\CookiesLayer.cpp">
      <Filter>src\Layers</Filter>
    </ClCompile>
    <ClCompile Include="..\Classes\Controller\ObjectController\ObjectController.cpp">
      <Filter>src\Controller\ObjectController</Filter>
    </ClCompile>
    <ClCompile Include="..\Classes\Controller\ObjectController\Dude\DudeHelper.cpp">
      <Filter>src\Controller\ObjectController\Dude</Filter>
    </ClCompile>
    <ClCompile Include="..\Classes\GameObjects\Level\LevelObj.cpp">
      <Filter>src\GameObjects\Level</Filter>
    </ClCompile>
    <ClCompile Include="..\Classes\GameObjects\Level\LevelGoalComponent.cpp">
      <Filter>src\GameObjects\Level</Filter>
    </ClCompile>
    <ClCompile Include="..\Classes\GameObjects\TileObjects\FieldObjects\BushObj.cpp">
      <Filter>src\GameObjects\TileObjects\FieldObjects</Filter>
    </ClCompile>
    <ClCompile Include="..\Classes\GameObjects\TileObjects\FieldObjects\DirtObject.cpp">
      <Filter>src\GameObjects\TileObjects\FieldObjects</Filter>
    </ClCompile>
    <ClCompile Include="..\Classes\GameObjects\TileObjects\FieldObjects\RockObj.cpp">
      <Filter>src\GameObjects\TileObjects\FieldObjects</Filter>
    </ClCompile>
    <ClCompile Include="..\Classes\GameObjects\TileObjects\FieldObjects\Base\FieldObj.cpp">
      <Filter>src\GameObjects\TileObjects\FieldObjects\Base</Filter>
    </ClCompile>
    <ClCompile Include="..\Classes\Controller\ObjectController\ObjContainer.cpp">
      <Filter>src\Controller\ObjectController</Filter>
    </ClCompile>
    <ClCompile Include="..\Classes\Controller\ObjectController\Dude\DudeController.cpp">
      <Filter>src\Controller\ObjectController\Dude</Filter>
    </ClCompile>
    <ClCompile Include="..\Classes\Common\Factory\SmartObjFactory.cpp">
      <Filter>src\Common\Factory</Filter>
    </ClCompile>
    <ClCompile Include="..\Classes\Common\Factory\SpritesFactory.cpp">
      <Filter>src\Common\Factory</Filter>
    </ClCompile>
    <ClCompile Include="..\Classes\Controller\ChainController\ChainController.cpp">
      <Filter>src\Controller\ChainController</Filter>
    </ClCompile>
    <ClCompile Include="..\Classes\Controller\ChainController\ChainObj.cpp">
      <Filter>src\Controller\ChainController</Filter>
    </ClCompile>
    <ClCompile Include="..\Classes\Controller\SwapController\SwapController.cpp">
      <Filter>src\Controller\SwapController</Filter>
    </ClCompile>
    <ClCompile Include="..\Classes\Controller\SwapController\SwapObj.cpp">
      <Filter>src\Controller\SwapController</Filter>
    </ClCompile>
    <ClCompile Include="..\Classes\Controller\ObjectController\Dude\DudeObj.cpp">
      <Filter>src\Controller\ObjectController\Dude</Filter>
    </ClCompile>
    <ClCompile Include="..\Classes\Common\GlobalInfo\GlobalInfo.cpp">
      <Filter>src\Common\GlobalInfo</Filter>
    </ClCompile>
    <ClCompile Include="..\Classes\Managers\ActionsManager.cpp">
      <Filter>src\Managers</Filter>
    </ClCompile>
    <ClCompile Include="..\Classes\Utils\Helpers\ScoreHelper.cpp">
      <Filter>src\Utils\Helper</Filter>
    </ClCompile>
  </ItemGroup>
  <ItemGroup>
    <ClInclude Include="main.h">
      <Filter>win32</Filter>
    </ClInclude>
    <ClInclude Include="..\Classes\AppDelegate.h">
      <Filter>src</Filter>
    </ClInclude>
    <ClInclude Include="..\Classes\Common\CommonTypes.h">
      <Filter>src\Common</Filter>
    </ClInclude>
    <ClInclude Include="..\Classes\Controller\ViewController.h">
      <Filter>src\Controller</Filter>
    </ClInclude>
    <ClInclude Include="..\Classes\Scenes\GameplayScene.h">
      <Filter>src\Scenes</Filter>
    </ClInclude>
    <ClInclude Include="..\Classes\Utils\GameResources.h">
      <Filter>src\Utils</Filter>
    </ClInclude>
    <ClInclude Include="..\Classes\Utils\Helpers\Helper.h">
      <Filter>src\Utils\Helper</Filter>
    </ClInclude>
    <ClInclude Include="..\Classes\Utils\Helpers\VisibleRect.h">
      <Filter>src\Utils\Helper</Filter>
    </ClInclude>
    <ClInclude Include="..\Classes\Managers\ResourceManager.h">
      <Filter>src\Managers</Filter>
    </ClInclude>
    <ClInclude Include="..\Classes\Utils\PlatformMacros.h">
      <Filter>src\Utils</Filter>
    </ClInclude>
    <ClInclude Include="..\Classes\Managers\AudioManager.h">
      <Filter>src\Managers</Filter>
    </ClInclude>
    <ClInclude Include="..\Classes\Managers\AnimationsManager.h">
      <Filter>src\Managers</Filter>
    </ClInclude>
    <ClInclude Include="..\Classes\Managers\GuiManager.h">
      <Filter>src\Managers</Filter>
    </ClInclude>
    <ClInclude Include="..\Classes\Utils\Localization.h">
      <Filter>src\Utils</Filter>
    </ClInclude>
    <ClInclude Include="..\Classes\Utils\Parser\JsonParser.h">
      <Filter>src\Utils\Parser</Filter>
    </ClInclude>
    <ClInclude Include="..\Classes\GameObjects\TileObjects\CookieObj.h">
      <Filter>src\GameObjects\TileObjects</Filter>
    </ClInclude>
    <ClInclude Include="..\Classes\GameObjects\TileObjects\TileObj.h">
      <Filter>src\GameObjects\TileObjects</Filter>
    </ClInclude>
    <ClInclude Include="..\Classes\GameObjects\TileObjects\Base\BaseObj.h">
      <Filter>src\GameObjects\TileObjects\Base</Filter>
    </ClInclude>
    <ClInclude Include="..\Classes\Layers\CookiesLayer.h">
      <Filter>src\Layers</Filter>
    </ClInclude>
    <ClInclude Include="..\Classes\Controller\ObjectController\ObjectController.h">
      <Filter>src\Controller\ObjectController</Filter>
    </ClInclude>
    <ClInclude Include="..\Classes\Controller\ObjectController\Dude\DudeHelper.h">
      <Filter>src\Controller\ObjectController\Dude</Filter>
    </ClInclude>
    <ClInclude Include="..\Classes\Utils\Parser\JsonNames.h">
      <Filter>src\Utils\Parser</Filter>
    </ClInclude>
    <ClInclude Include="..\Classes\GameObjects\Level\LevelObj.h">
      <Filter>src\GameObjects\Level</Filter>
    </ClInclude>
    <ClInclude Include="..\Classes\GameObjects\Level\LevelGoalComponent.h">
      <Filter>src\GameObjects\Level</Filter>
    </ClInclude>
    <ClInclude Include="..\Classes\GameObjects\TileObjects\FieldObjects\BushObj.h">
      <Filter>src\GameObjects\TileObjects\FieldObjects</Filter>
    </ClInclude>
    <ClInclude Include="..\Classes\GameObjects\TileObjects\FieldObjects\DirtObject.h">
      <Filter>src\GameObjects\TileObjects\FieldObjects</Filter>
    </ClInclude>
    <ClInclude Include="..\Classes\GameObjects\TileObjects\FieldObjects\RockObj.h">
      <Filter>src\GameObjects\TileObjects\FieldObjects</Filter>
    </ClInclude>
    <ClInclude Include="..\Classes\GameObjects\TileObjects\FieldObjects\Base\FieldObj.h">
      <Filter>src\GameObjects\TileObjects\FieldObjects\Base</Filter>
    </ClInclude>
    <ClInclude Include="..\Classes\GameObjects\Level\LevelTypes.h">
      <Filter>src\GameObjects\Level</Filter>
    </ClInclude>
    <ClInclude Include="..\Classes\Controller\ObjectController\ObjContainer.h">
      <Filter>src\Controller\ObjectController</Filter>
    </ClInclude>
    <ClInclude Include="..\Classes\Controller\ObjectController\Dude\DudeController.h">
      <Filter>src\Controller\ObjectController\Dude</Filter>
    </ClInclude>
    <ClInclude Include="..\Classes\Common\Factory\SmartObjFactory.h">
      <Filter>src\Common\Factory</Filter>
    </ClInclude>
    <ClInclude Include="..\Classes\Common\Factory\SpritesFactory.h">
      <Filter>src\Common\Factory</Filter>
    </ClInclude>
    <ClInclude Include="..\Classes\Controller\ChainController\ChainController.h">
      <Filter>src\Controller\ChainController</Filter>
    </ClInclude>
    <ClInclude Include="..\Classes\Controller\ChainController\ChainObj.h">
      <Filter>src\Controller\ChainController</Filter>
    </ClInclude>
    <ClInclude Include="..\Classes\Controller\SwapController\SwapController.h">
      <Filter>src\Controller\SwapController</Filter>
    </ClInclude>
    <ClInclude Include="..\Classes\Controller\SwapController\SwapObj.h">
      <Filter>src\Controller\SwapController</Filter>
    </ClInclude>
    <ClInclude Include="..\Classes\Controller\ObjectController\Dude\DudeObj.h">
      <Filter>src\Controller\ObjectController\Dude</Filter>
    </ClInclude>
    <ClInclude Include="..\Classes\Common\GlobalInfo\GlobalInfo.h">
      <Filter>src\Common\GlobalInfo</Filter>
    </ClInclude>
    <ClInclude Include="..\Classes\Common\GlobalInfo\GlobalInfoTypes.h">
      <Filter>src\Common\GlobalInfo</Filter>
    </ClInclude>
    <ClInclude Include="..\Classes\Managers\ActionsManager.h">
      <Filter>src\Managers</Filter>
    </ClInclude>
    <ClInclude Include="..\Classes\Utils\Helpers\ScoreHelper.h">
      <Filter>src\Utils\Helper</Filter>
    </ClInclude>
    <ClInclude Include="..\Classes\Common\Tags.h">
      <Filter>src\Common</Filter>
    </ClInclude>
  </ItemGroup>
  <ItemGroup>
    <ResourceCompile Include="game.rc">
      <Filter>resource</Filter>
    </ResourceCompile>
  </ItemGroup>
</Project>